
Microsoft Visual Studio Solution File, Format Version 12.00
# Visual Studio 15
VisualStudioVersion = 15.0.26124.0
MinimumVisualStudioVersion = 15.0.26124.0
Project("{FAE04EC0-301F-11D3-BF4B-00C04F79EFBC}") = "Text", "Text\Text.csproj", "{14C92033-7CC2-402F-9B0D-FA1A633B56C6}"
EndProject
Project("{FAE04EC0-301F-11D3-BF4B-00C04F79EFBC}") = "Text.Tests", "Text.Tests\Text.Tests.csproj", "{ACC1AEC4-543A-449E-9CC2-B5B9979A7ED2}"
EndProject
Global
	GlobalSection(SolutionConfigurationPlatforms) = preSolution
		Debug|Any CPU = Debug|Any CPU
		Debug|x64 = Debug|x64
		Debug|x86 = Debug|x86
		Release|Any CPU = Release|Any CPU
		Release|x64 = Release|x64
		Release|x86 = Release|x86
	EndGlobalSection
	GlobalSection(SolutionProperties) = preSolution
		HideSolutionNode = FALSE
	EndGlobalSection
	GlobalSection(ProjectConfigurationPlatforms) = postSolution
		{14C92033-7CC2-402F-9B0D-FA1A633B56C6}.Debug|Any CPU.ActiveCfg = Debug|Any CPU
		{14C92033-7CC2-402F-9B0D-FA1A633B56C6}.Debug|Any CPU.Build.0 = Debug|Any CPU
		{14C92033-7CC2-402F-9B0D-FA1A633B56C6}.Debug|x64.ActiveCfg = Debug|Any CPU
		{14C92033-7CC2-402F-9B0D-FA1A633B56C6}.Debug|x64.Build.0 = Debug|Any CPU
		{14C92033-7CC2-402F-9B0D-FA1A633B56C6}.Debug|x86.ActiveCfg = Debug|Any CPU
		{14C92033-7CC2-402F-9B0D-FA1A633B56C6}.Debug|x86.Build.0 = Debug|Any CPU
		{14C92033-7CC2-402F-9B0D-FA1A633B56C6}.Release|Any CPU.ActiveCfg = Release|Any CPU
		{14C92033-7CC2-402F-9B0D-FA1A633B56C6}.Release|Any CPU.Build.0 = Release|Any CPU
		{14C92033-7CC2-402F-9B0D-FA1A633B56C6}.Release|x64.ActiveCfg = Release|Any CPU
		{14C92033-7CC2-402F-9B0D-FA1A633B56C6}.Release|x64.Build.0 = Release|Any CPU
		{14C92033-7CC2-402F-9B0D-FA1A633B56C6}.Release|x86.ActiveCfg = Release|Any CPU
		{14C92033-7CC2-402F-9B0D-FA1A633B56C6}.Release|x86.Build.0 = Release|Any CPU
		{ACC1AEC4-543A-449E-9CC2-B5B9979A7ED2}.Debug|Any CPU.ActiveCfg = Debug|Any CPU
		{ACC1AEC4-543A-449E-9CC2-B5B9979A7ED2}.Debug|Any CPU.Build.0 = Debug|Any CPU
		{ACC1AEC4-543A-449E-9CC2-B5B9979A7ED2}.Debug|x64.ActiveCfg = Debug|Any CPU
		{ACC1AEC4-543A-449E-9CC2-B5B9979A7ED2}.Debug|x64.Build.0 = Debug|Any CPU
		{ACC1AEC4-543A-449E-9CC2-B5B9979A7ED2}.Debug|x86.ActiveCfg = Debug|Any CPU
		{ACC1AEC4-543A-449E-9CC2-B5B9979A7ED2}.Debug|x86.Build.0 = Debug|Any CPU
		{ACC1AEC4-543A-449E-9CC2-B5B9979A7ED2}.Release|Any CPU.ActiveCfg = Release|Any CPU
		{ACC1AEC4-543A-449E-9CC2-B5B9979A7ED2}.Release|Any CPU.Build.0 = Release|Any CPU
		{ACC1AEC4-543A-449E-9CC2-B5B9979A7ED2}.Release|x64.ActiveCfg = Release|Any CPU
		{ACC1AEC4-543A-449E-9CC2-B5B9979A7ED2}.Release|x64.Build.0 = Release|Any CPU
		{ACC1AEC4-543A-449E-9CC2-B5B9979A7ED2}.Release|x86.ActiveCfg = Release|Any CPU
		{ACC1AEC4-543A-449E-9CC2-B5B9979A7ED2}.Release|x86.Build.0 = Release|Any CPU
	EndGlobalSection
EndGlobal
